
Microsoft Visual Studio Solution File, Format Version 12.00
# Visual Studio 15
VisualStudioVersion = 15.0.27703.2047
MinimumVisualStudioVersion = 10.0.40219.1
Project("{9A19103F-16F7-4668-BE54-9A1E7A4F7556}") = "Web", "CinemaServer\Web.csproj", "{3A0F8CC9-21DE-4F38-91A1-68A0F45A0D9B}"
EndProject
Project("{9A19103F-16F7-4668-BE54-9A1E7A4F7556}") = "CinemaBusinessLogic", "CinemaBusinessLogic\CinemaBusinessLogic.csproj", "{0C54A52A-7926-4AEC-907E-AF71145E69A3}"
EndProject
Project("{9A19103F-16F7-4668-BE54-9A1E7A4F7556}") = "CinemaDomain", "CinemaDomain\CinemaDomain.csproj", "{C24AB881-13D9-4A52-A12F-EE71102B11E0}"
EndProject
Project("{FAE04EC0-301F-11D3-BF4B-00C04F79EFBC}") = "ConsoleApp1", "ConsoleApp1\ConsoleApp1.csproj", "{479D281E-1F4D-4EBE-BA36-EEE83C7C2101}"
EndProject
Global
	GlobalSection(SolutionConfigurationPlatforms) = preSolution
		Debug|Any CPU = Debug|Any CPU
		Release|Any CPU = Release|Any CPU
	EndGlobalSection
	GlobalSection(ProjectConfigurationPlatforms) = postSolution
		{3A0F8CC9-21DE-4F38-91A1-68A0F45A0D9B}.Debug|Any CPU.ActiveCfg = Debug|Any CPU
		{3A0F8CC9-21DE-4F38-91A1-68A0F45A0D9B}.Debug|Any CPU.Build.0 = Debug|Any CPU
		{3A0F8CC9-21DE-4F38-91A1-68A0F45A0D9B}.Release|Any CPU.ActiveCfg = Release|Any CPU
		{3A0F8CC9-21DE-4F38-91A1-68A0F45A0D9B}.Release|Any CPU.Build.0 = Release|Any CPU
		{0C54A52A-7926-4AEC-907E-AF71145E69A3}.Debug|Any CPU.ActiveCfg = Debug|Any CPU
		{0C54A52A-7926-4AEC-907E-AF71145E69A3}.Debug|Any CPU.Build.0 = Debug|Any CPU
		{0C54A52A-7926-4AEC-907E-AF71145E69A3}.Release|Any CPU.ActiveCfg = Release|Any CPU
		{0C54A52A-7926-4AEC-907E-AF71145E69A3}.Release|Any CPU.Build.0 = Release|Any CPU
		{C24AB881-13D9-4A52-A12F-EE71102B11E0}.Debug|Any CPU.ActiveCfg = Debug|Any CPU
		{C24AB881-13D9-4A52-A12F-EE71102B11E0}.Debug|Any CPU.Build.0 = Debug|Any CPU
		{C24AB881-13D9-4A52-A12F-EE71102B11E0}.Release|Any CPU.ActiveCfg = Release|Any CPU
		{C24AB881-13D9-4A52-A12F-EE71102B11E0}.Release|Any CPU.Build.0 = Release|Any CPU
		{479D281E-1F4D-4EBE-BA36-EEE83C7C2101}.Debug|Any CPU.ActiveCfg = Debug|Any CPU
		{479D281E-1F4D-4EBE-BA36-EEE83C7C2101}.Debug|Any CPU.Build.0 = Debug|Any CPU
		{479D281E-1F4D-4EBE-BA36-EEE83C7C2101}.Release|Any CPU.ActiveCfg = Release|Any CPU
		{479D281E-1F4D-4EBE-BA36-EEE83C7C2101}.Release|Any CPU.Build.0 = Release|Any CPU
	EndGlobalSection
	GlobalSection(SolutionProperties) = preSolution
		HideSolutionNode = FALSE
	EndGlobalSection
	GlobalSection(ExtensibilityGlobals) = postSolution
		SolutionGuid = {8E6870F7-9BDA-41F4-8CF2-A6168A427886}
	EndGlobalSection
EndGlobal
