{
  "name": "asp.net",
  "version": "1.0.0",
  "lockfileVersion": 1,
  "requires": true,
  "dependencies": {
    "@aspnet/signalr": {
      "version": "1.0.4",
      "resolved": "https://registry.npmjs.org/@aspnet/signalr/-/signalr-1.0.4.tgz",
      "integrity": "sha1-q2heWRUlOeSknFxxu3Z84l59SQA=",
      "dev": true
    },
    "bootstrap": {
      "version": "3.3.6",
      "resolved": "http://registry.npmjs.org/bootstrap/-/bootstrap-3.3.6.tgz",
      "integrity": "sha1-jej3SdyKdD8qxbUQ2Yg3Hj2qZYk=",
      "dev": true
    },
    "bootstrap-datetimepicker": {
      "version": "0.0.7",
      "resolved": "https://registry.npmjs.org/bootstrap-datetimepicker/-/bootstrap-datetimepicker-0.0.7.tgz",
      "integrity": "sha1-qYMSZIiUuBkVUxsFf/dCg1hD+XE=",
      "dev": true
    },
    "jquery": {
      "version": "3.3.1",
      "resolved": "https://registry.npmjs.org/jquery/-/jquery-3.3.1.tgz",
      "integrity": "sha1-lYzinoHJeQ8xvneS311NlfxX+8o=",
      "dev": true
    },
    "jquery-ui_1.12": {
      "version": "1.12.0",
      "resolved": "https://registry.npmjs.org/jquery-ui_1.12/-/jquery-ui_1.12-1.12.0.tgz",
      "integrity": "sha1-7zq0clSOL3lmbTVCitLw4AA2njc=",
      "dev": true
    }
  }
}
